
Microsoft Visual Studio Solution File, Format Version 12.00
# Visual Studio Version 17
VisualStudioVersion = 17.6.33712.159
MinimumVisualStudioVersion = 10.0.40219.1
Project("{FAE04EC0-301F-11D3-BF4B-00C04F79EFBC}") = "ProyFinalDESWB", "ProyFinalDESWB\ProyFinalDESWB.csproj", "{74E0A73E-5BEA-4C5E-941B-F9385188AABB}"
EndProject
Global
	GlobalSection(SolutionConfigurationPlatforms) = preSolution
		Debug|Any CPU = Debug|Any CPU
		Release|Any CPU = Release|Any CPU
	EndGlobalSection
	GlobalSection(ProjectConfigurationPlatforms) = postSolution
		{74E0A73E-5BEA-4C5E-941B-F9385188AABB}.Debug|Any CPU.ActiveCfg = Debug|Any CPU
		{74E0A73E-5BEA-4C5E-941B-F9385188AABB}.Debug|Any CPU.Build.0 = Debug|Any CPU
		{74E0A73E-5BEA-4C5E-941B-F9385188AABB}.Release|Any CPU.ActiveCfg = Release|Any CPU
		{74E0A73E-5BEA-4C5E-941B-F9385188AABB}.Release|Any CPU.Build.0 = Release|Any CPU
	EndGlobalSection
	GlobalSection(SolutionProperties) = preSolution
		HideSolutionNode = FALSE
	EndGlobalSection
	GlobalSection(ExtensibilityGlobals) = postSolution
		SolutionGuid = {45C397F2-113D-40FC-B26C-AEA81E5FB99D}
	EndGlobalSection
EndGlobal
